{
    "_meta": {
        "hash": {
            "sha256": "06db9b90c6ffe9b2894b7200943a721a977843a4d8209531c5b0a6d2b2d4cf62"
        },
        "pipfile-spec": 6,
        "requires": {
            "python_version": "3.7"
        },
        "sources": [
            {
                "name": "pypi",
                "url": "https://pypi.org/simple",
                "verify_ssl": true
            }
        ]
    },
    "default": {
        "awesome-slugify": {
            "hashes": [
                "sha256:bbdec3fa2187917473a2efad092b57f7125a55f841a7cf6a1773178d32ccfd71"
            ],
            "index": "pypi",
            "version": "==1.6.5"
        },
        "beautifulsoup4": {
            "hashes": [
                "sha256:194ec62a25438adcb3fdb06378b26559eda1ea8a747367d34c33cef9c7f48d57",
                "sha256:90f8e61121d6ae58362ce3bed8cd997efb00c914eae0ff3d363c32f9a9822d10",
                "sha256:f0abd31228055d698bb392a826528ea08ebb9959e6bea17c606fd9c9009db938"
            ],
            "version": "==4.6.3"
        },
        "bs4": {
            "hashes": [
                "sha256:36ecea1fd7cc5c0c6e4a1ff075df26d50da647b75376626cc186e2212886dd3a"
            ],
            "index": "pypi",
            "version": "==0.0.1"
        },
        "certifi": {
            "hashes": [
                "sha256:376690d6f16d32f9d1fe8932551d80b23e9d393a8578c5633a2ed39a64861638",
                "sha256:456048c7e371c089d0a77a5212fb37a2c2dce1e24146e3b7e0261736aaeaa22a"
            ],
            "version": "==2018.8.24"
        },
        "chardet": {
            "hashes": [
                "sha256:84ab92ed1c4d4f16916e05906b6b75a6c0fb5db821cc65e70cbd64a3e2a5eaae",
                "sha256:fc323ffcaeaed0e0a02bf4d117757b98aed530d9ed4531e3e15460124c106691"
            ],
            "version": "==3.0.4"
        },
        "click": {
            "hashes": [
                "sha256:29f99fc6125fbc931b758dc053b3114e55c77a6e4c6c3a2674a2dc986016381d",
                "sha256:f15516df478d5a56180fbf80e68f206010e6d160fc39fa508b65e035fd75130b"
            ],
            "index": "pypi",
            "version": "==6.7"
        },
        "idna": {
            "hashes": [
                "sha256:156a6814fb5ac1fc6850fb002e0852d56c0c8d2531923a51032d1b70760e186e",
                "sha256:684a38a6f903c1d71d6d5fac066b58d7768af4de2b832e426ec79c30daa94a16"
            ],
            "version": "==2.7"
        },
        "path.py": {
            "hashes": [
                "sha256:0594610b07ded3960bbfa96ff0ee7b1ad41dfc7dd0b480b3b66956ba7dde56e6",
                "sha256:cbcbb3ed71b42fb8df1bc7645ddde298817f1a51684c3f9b3101937bdb28ff79"
            ],
            "index": "pypi",
            "version": "==11.1.0"
        },
        "pyyaml": {
            "hashes": [
                "sha256:254bf6fda2b7c651837acb2c718e213df29d531eebf00edb54743d10bcb694eb",
                "sha256:3108529b78577327d15eec243f0ff348a0640b0c3478d67ad7f5648f93bac3e2",
                "sha256:3c17fb92c8ba2f525e4b5f7941d850e7a48c3a59b32d331e2502a3cdc6648e76",
                "sha256:8d6d96001aa7f0a6a4a95e8143225b5d06e41b1131044913fecb8f85a125714b",
                "sha256:c8a88edd93ee29ede719080b2be6cb2333dfee1dccba213b422a9c8e97f2967b"
            ],
            "index": "pypi",
            "version": "==4.2b4"
        },
        "regex": {
            "hashes": [
                "sha256:22d7ef8c2df344328a8a3c61edade2ee714e5de9360911d22a9213931c769faa",
                "sha256:3a699780c6b712c67dc23207b129ccc6a7e1270233f7aadead3ea3f83c893702",
                "sha256:42f460d349baebd5faec02a0c920988fb0300b24baf898d9c139886565b66b6c",
                "sha256:43bf3d79940cbdf19adda838d8b26b28b47bec793cda46590b5b25703742f440",
                "sha256:47d6c7f0588ef33464e00023067c4e7cce68e0d6a686a73c7ee15abfdad503d4",
                "sha256:5b879f59f25ed9b91bc8693a9a994014b431f224f492519ad0255ce6b54b83e5",
                "sha256:8ba0093c412900f636b0f826c597a0c3ea0e395344bc99894ddefe88b76c9c7e",
                "sha256:a4789254a1a0bd7a637036cce0b7ed72d8cc864e93f2e9cfd10ac00ae27bb7b0",
                "sha256:b73cea07117dca888b0c3671770b501bef19aac9c45c8ffdb5bea2cca2377b0a",
                "sha256:d3eb59fa3e5b5438438ec97acd9dc86f077428e020b015b43987e35bea68ef4c",
                "sha256:d51d232b4e2f106deaf286001f563947fee255bc5bd209a696f027e15cf0a1e7",
                "sha256:d59b03131a8e35061b47a8f186324a95eaf30d5f6ee9cc0637e7b87d29c7c9b5",
                "sha256:dd705df1b47470388fc4630e4df3cbbe7677e2ab80092a1c660cae630a307b2d",
                "sha256:e87fffa437a4b00afb17af785da9b01618425d6cd984c677639deb937037d8f2",
                "sha256:ed40e0474ab5ab228a8d133759d451b31d3ccdebaff698646e54aff82c3de4f8"
            ],
            "version": "==2018.8.29"
        },
        "requests": {
            "hashes": [
                "sha256:63b52e3c866428a224f97cab011de738c36aec0185aa91cfacd418b5d58911d1",
                "sha256:ec22d826a36ed72a7358ff3fe56cbd4ba69dd7a6718ffd450ff0e9df7a47ce6a"
            ],
            "index": "pypi",
            "version": "==2.19.1"
        },
        "unidecode": {
            "hashes": [
                "sha256:280a6ab88e1f2eb5af79edff450021a0d3f0448952847cd79677e55e58bad051",
                "sha256:61f807220eda0203a774a09f84b4304a3f93b5944110cc132af29ddb81366883"
            ],
            "version": "==0.4.21"
        },
        "urllib3": {
            "hashes": [
                "sha256:a68ac5e15e76e7e5dd2b8f94007233e01effe3e50e8daddf69acfd81cb686baf",
                "sha256:b5725a0bd4ba422ab0e66e89e030c806576753ea3ee08554382c14e685d117b5"
            ],
            "markers": "python_version < '4' and python_version != '3.1.*' and python_version != '3.0.*' and python_version != '3.2.*' and python_version >= '2.6' and python_version != '3.3.*'",
            "version": "==1.23"
        }
    },
    "develop": {
        "appdirs": {
            "hashes": [
                "sha256:9e5896d1372858f8dd3344faf4e5014d21849c756c8d5701f78f8a103b372d92",
                "sha256:d8b24664561d0d34ddfaec54636d502d7cea6e29c3eaf68f3df6180863e2166e"
            ],
            "version": "==1.4.3"
        },
        "attrs": {
            "hashes": [
                "sha256:10cbf6e27dbce8c30807caf056c8eb50917e0eaafe86347671b57254006c3e69",
                "sha256:ca4be454458f9dec299268d472aaa5a11f67a4ff70093396e1ceae9c76cf4bbb"
            ],
            "version": "==18.2.0"
        },
        "black": {
            "hashes": [
                "sha256:22158b89c1a6b4eb333a1e65e791a3f8b998cf3b11ae094adb2570f31f769a44",
                "sha256:4b475bbd528acce094c503a3d2dbc2d05a4075f6d0ef7d9e7514518e14cc5191"
            ],
            "index": "pypi",
            "version": "==18.6b4"
        },
        "click": {
            "hashes": [
                "sha256:29f99fc6125fbc931b758dc053b3114e55c77a6e4c6c3a2674a2dc986016381d",
                "sha256:f15516df478d5a56180fbf80e68f206010e6d160fc39fa508b65e035fd75130b"
            ],
            "index": "pypi",
            "version": "==6.7"
        },
        "toml": {
            "hashes": [
                "sha256:380178cde50a6a79f9d2cf6f42a62a5174febe5eea4126fe4038785f1d888d42",
                "sha256:a7901919d3e4f92ffba7ff40a9d697e35bbbc8a8049fe8da742f34c83606d957"
            ],
            "version": "==0.9.6"
        }
    }
}
